<?xml version="1.0" encoding="Windows-1252"?>
<Project ToolsVersion="12.0" xmlns="http://schemas.microsoft.com/developer/msbuild/2003">
  <ItemGroup>
    <ClCompile Include="C:\Users\murr\Documents\GitHub\APT\pupil_tracker_standalone\main.cpp">
      <Filter>Source Files</Filter>
    </ClCompile>
  </ItemGroup>
  <ItemGroup>
    <CustomBuild Include="C:\Users\murr\Documents\GitHub\APT\pupil_tracker_standalone\CMakeLists.txt" />
  </ItemGroup>
  <ItemGroup>
    <Filter Include="Source Files">
      <UniqueIdentifier>{70D69ABC-36C4-4A6D-BC12-C25137476D75}</UniqueIdentifier>
    </Filter>
  </ItemGroup>
</Project>
