<?xml version="1.0" encoding="Windows-1252"?>
<Project ToolsVersion="12.0" xmlns="http://schemas.microsoft.com/developer/msbuild/2003">
  <ItemGroup>
    <CustomBuild Include="C:\Users\murr\Documents\GitHub\APT\pupil_tracker_standalone\vs2013\CMakeFiles\35c0411422af68b7a8cf1f1bd73e6ab5\generate.stamp.rule">
      <Filter>CMake Rules</Filter>
    </CustomBuild>
  </ItemGroup>
  <ItemGroup>
    <Filter Include="CMake Rules">
      <UniqueIdentifier>{E9DA9AB5-07EE-45EC-A536-2614CF1FC826}</UniqueIdentifier>
    </Filter>
  </ItemGroup>
</Project>
